
Microsoft Visual Studio Solution File, Format Version 12.00
# Visual Studio Version 17
VisualStudioVersion = 17.2.32630.192
MinimumVisualStudioVersion = 10.0.40219.1
Project("{9A19103F-16F7-4668-BE54-9A1E7A4F7556}") = "PrintableString", "PrintableString\PrintableString.csproj", "{B476CDF9-C56F-4784-A1F7-F68CF87088ED}"
EndProject
Project("{2150E333-8FDC-42A3-9474-1A3956D46DE8}") = "Props", "Props", "{A37E3D2A-7B1B-41C2-8033-0F976A58231F}"
	ProjectSection(SolutionItems) = preProject
		Directory.Build.props = Directory.Build.props
	EndProjectSection
EndProject
Project("{FAE04EC0-301F-11D3-BF4B-00C04F79EFBC}") = "PrintableString.Test", "PrintableString.Test\PrintableString.Test.csproj", "{FBDB8405-1167-4706-906C-0B113130F251}"
EndProject
Global
	GlobalSection(SolutionConfigurationPlatforms) = preSolution
		Debug|Any CPU = Debug|Any CPU
		Release|Any CPU = Release|Any CPU
	EndGlobalSection
	GlobalSection(ProjectConfigurationPlatforms) = postSolution
		{B476CDF9-C56F-4784-A1F7-F68CF87088ED}.Debug|Any CPU.ActiveCfg = Debug|Any CPU
		{B476CDF9-C56F-4784-A1F7-F68CF87088ED}.Debug|Any CPU.Build.0 = Debug|Any CPU
		{B476CDF9-C56F-4784-A1F7-F68CF87088ED}.Release|Any CPU.ActiveCfg = Release|Any CPU
		{B476CDF9-C56F-4784-A1F7-F68CF87088ED}.Release|Any CPU.Build.0 = Release|Any CPU
		{FBDB8405-1167-4706-906C-0B113130F251}.Debug|Any CPU.ActiveCfg = Debug|Any CPU
		{FBDB8405-1167-4706-906C-0B113130F251}.Debug|Any CPU.Build.0 = Debug|Any CPU
		{FBDB8405-1167-4706-906C-0B113130F251}.Release|Any CPU.ActiveCfg = Release|Any CPU
		{FBDB8405-1167-4706-906C-0B113130F251}.Release|Any CPU.Build.0 = Release|Any CPU
	EndGlobalSection
	GlobalSection(SolutionProperties) = preSolution
		HideSolutionNode = FALSE
	EndGlobalSection
	GlobalSection(ExtensibilityGlobals) = postSolution
		SolutionGuid = {0B4C580A-AC13-427E-9F8C-BEBB87F98C88}
	EndGlobalSection
EndGlobal
